<?xml version="1.0" encoding="utf-8"?>
<Project ToolsVersion="4.0" xmlns="http://schemas.microsoft.com/developer/msbuild/2003">
  <ItemGroup>
    <Filter Include="Source Files">
      <UniqueIdentifier>{4FC737F1-C7A5-4376-A066-2A32D752A2FF}</UniqueIdentifier>
      <Extensions>cpp;c;cc;cxx;def;odl;idl;hpj;bat;asm;asmx</Extensions>
    </Filter>
    <Filter Include="Header Files">
      <UniqueIdentifier>{93995380-89BD-4b04-88EB-625FBE52EBFB}</UniqueIdentifier>
      <Extensions>h;hpp;hxx;hm;inl;inc;xsd</Extensions>
    </Filter>
    <Filter Include="Resource Files">
      <UniqueIdentifier>{67DA6AB6-F800-4c08-8B7A-83BB121AAD01}</UniqueIdentifier>
      <Extensions>rc;ico;cur;bmp;dlg;rc2;rct;bin;rgs;gif;jpg;jpeg;jpe;resx;tiff;tif;png;wav;mfcribbon-ms</Extensions>
    </Filter>
    <Filter Include="Header Files\Data">
      <UniqueIdentifier>{b0252b4e-f605-458c-a3ac-6b390af3367f}</UniqueIdentifier>
    </Filter>
    <Filter Include="Header Files\Win32">
      <UniqueIdentifier>{f3d813bb-44f8-48f7-955d-0ea572ae7d87}</UniqueIdentifier>
    </Filter>
    <Filter Include="Header Files\Renderables">
      <UniqueIdentifier>{4d31c2d5-fac5-403d-8b7d-ffa477b09425}</UniqueIdentifier>
    </Filter>
    <Filter Include="Source Files\Data">
      <UniqueIdentifier>{f7660a2f-0c37-41d2-8b3e-2841c7417a2f}</UniqueIdentifier>
    </Filter>
    <Filter Include="Source Files\Win32">
      <UniqueIdentifier>{1a0e716c-ad66-4f03-8cda-7ed48d4b2d2e}</UniqueIdentifier>
    </Filter>
    <Filter Include="Source Files\Renderables">
      <UniqueIdentifier>{7247ab77-7366-44d8-bd78-9e53f7f450ad}</UniqueIdentifier>
    </Filter>
    <Filter Include="Header Files\Utils">
      <UniqueIdentifier>{d521855d-bc25-4a8a-8abb-1a2468a263aa}</UniqueIdentifier>
    </Filter>
    <Filter Include="Source Files\Utils">
      <UniqueIdentifier>{fc14fb97-a9bc-4c33-9760-dc127394d33e}</UniqueIdentifier>
    </Filter>
  </ItemGroup>
  <ItemGroup>
    <None Include="ReadMe.txt" />
    <None Include="small.ico">
      <Filter>Resource Files</Filter>
    </None>
    <None Include="OGLWin32.ico">
      <Filter>Resource Files</Filter>
    </None>
  </ItemGroup>
  <ItemGroup>
    <ClInclude Include="targetver.h">
      <Filter>Header Files</Filter>
    </ClInclude>
    <ClInclude Include="Resource.h">
      <Filter>Header Files</Filter>
    </ClInclude>
    <ClInclude Include="Vector2D.h">
      <Filter>Header Files</Filter>
    </ClInclude>
    <ClInclude Include="Listener.h">
      <Filter>Header Files</Filter>
    </ClInclude>
    <ClInclude Include="OGLData.h">
      <Filter>Header Files\Data</Filter>
    </ClInclude>
    <ClInclude Include="OGLAttribute.h">
      <Filter>Header Files\Data</Filter>
    </ClInclude>
    <ClInclude Include="OGLBarChart.h">
      <Filter>Header Files\Renderables</Filter>
    </ClInclude>
    <ClInclude Include="OGLLineChart.h">
      <Filter>Header Files\Renderables</Filter>
    </ClInclude>
    <ClInclude Include="OGLPieChart.h">
      <Filter>Header Files\Renderables</Filter>
    </ClInclude>
    <ClInclude Include="OGLScatterPlot.h">
      <Filter>Header Files\Renderables</Filter>
    </ClInclude>
    <ClInclude Include="Renderable.h">
      <Filter>Header Files\Renderables</Filter>
    </ClInclude>
    <ClInclude Include="OGLRectangle.h">
      <Filter>Header Files\Renderables</Filter>
    </ClInclude>
    <ClInclude Include="OGLCircle.h">
      <Filter>Header Files\Renderables</Filter>
    </ClInclude>
    <ClInclude Include="OGLApplication.h">
      <Filter>Header Files\Win32</Filter>
    </ClInclude>
    <ClInclude Include="OGLDialogWindow.h">
      <Filter>Header Files\Win32</Filter>
    </ClInclude>
    <ClInclude Include="OGLMainWindow.h">
      <Filter>Header Files\Win32</Filter>
    </ClInclude>
    <ClInclude Include="OGLWin32.h">
      <Filter>Header Files\Win32</Filter>
    </ClInclude>
    <ClInclude Include="OGLWindow.h">
      <Filter>Header Files\Win32</Filter>
    </ClInclude>
    <ClInclude Include="OGLSlice.h">
      <Filter>Header Files\Renderables</Filter>
    </ClInclude>
    <ClInclude Include="OGLLine.h">
      <Filter>Header Files\Renderables</Filter>
    </ClInclude>
    <ClInclude Include="Point2d.h">
      <Filter>Header Files\Utils</Filter>
    </ClInclude>
    <ClInclude Include="OGLChart.h">
      <Filter>Header Files\Renderables</Filter>
    </ClInclude>
    <ClInclude Include="OGLBar.h">
      <Filter>Header Files\Renderables</Filter>
    </ClInclude>
    <ClInclude Include="Color3ub.h">
      <Filter>Header Files\Utils</Filter>
    </ClInclude>
  </ItemGroup>
  <ItemGroup>
    <ClCompile Include="Vector2D.cpp">
      <Filter>Source Files</Filter>
    </ClCompile>
    <ClCompile Include="OGLApplication.cpp">
      <Filter>Source Files\Win32</Filter>
    </ClCompile>
    <ClCompile Include="OGLAttribute.cpp">
      <Filter>Source Files\Data</Filter>
    </ClCompile>
    <ClCompile Include="OGLBarChart.cpp">
      <Filter>Source Files\Renderables</Filter>
    </ClCompile>
    <ClCompile Include="OGLCircle.cpp">
      <Filter>Source Files\Renderables</Filter>
    </ClCompile>
    <ClCompile Include="OGLData.cpp">
      <Filter>Source Files\Data</Filter>
    </ClCompile>
    <ClCompile Include="OGLDialogWindow.cpp">
      <Filter>Source Files\Win32</Filter>
    </ClCompile>
    <ClCompile Include="OGLLineChart.cpp">
      <Filter>Source Files\Renderables</Filter>
    </ClCompile>
    <ClCompile Include="OGLMainWindow.cpp">
      <Filter>Source Files\Win32</Filter>
    </ClCompile>
    <ClCompile Include="OGLWin32.cpp">
      <Filter>Source Files\Win32</Filter>
    </ClCompile>
    <ClCompile Include="OGLPieChart.cpp">
      <Filter>Source Files\Renderables</Filter>
    </ClCompile>
    <ClCompile Include="OGLRectangle.cpp">
      <Filter>Source Files\Renderables</Filter>
    </ClCompile>
    <ClCompile Include="OGLScatterPlot.cpp">
      <Filter>Source Files\Renderables</Filter>
    </ClCompile>
    <ClCompile Include="OGLWindow.cpp">
      <Filter>Source Files\Win32</Filter>
    </ClCompile>
    <ClCompile Include="OGLSlice.cpp">
      <Filter>Source Files\Renderables</Filter>
    </ClCompile>
    <ClCompile Include="OGLLine.cpp">
      <Filter>Source Files\Renderables</Filter>
    </ClCompile>
    <ClCompile Include="OGLChart.cpp">
      <Filter>Source Files\Renderables</Filter>
    </ClCompile>
    <ClCompile Include="OGLBar.cpp">
      <Filter>Source Files\Renderables</Filter>
    </ClCompile>
  </ItemGroup>
  <ItemGroup>
    <ResourceCompile Include="OGLWin32.rc">
      <Filter>Resource Files</Filter>
    </ResourceCompile>
  </ItemGroup>
</Project>